
Microsoft Visual Studio Solution File, Format Version 12.00
# Visual Studio Version 17
VisualStudioVersion = 17.14.36603.0 d17.14
MinimumVisualStudioVersion = 10.0.40219.1
Project("{FAE04EC0-301F-11D3-BF4B-00C04F79EFBC}") = "ConsoleApp8", "ConsoleApp8\ConsoleApp8.csproj", "{A5BF3EAA-BC7F-44E9-B0C0-408B28B24A90}"
EndProject
Global
	GlobalSection(SolutionConfigurationPlatforms) = preSolution
		Debug|Any CPU = Debug|Any CPU
		Release|Any CPU = Release|Any CPU
	EndGlobalSection
	GlobalSection(ProjectConfigurationPlatforms) = postSolution
		{A5BF3EAA-BC7F-44E9-B0C0-408B28B24A90}.Debug|Any CPU.ActiveCfg = Debug|Any CPU
		{A5BF3EAA-BC7F-44E9-B0C0-408B28B24A90}.Debug|Any CPU.Build.0 = Debug|Any CPU
		{A5BF3EAA-BC7F-44E9-B0C0-408B28B24A90}.Release|Any CPU.ActiveCfg = Release|Any CPU
		{A5BF3EAA-BC7F-44E9-B0C0-408B28B24A90}.Release|Any CPU.Build.0 = Release|Any CPU
	EndGlobalSection
	GlobalSection(SolutionProperties) = preSolution
		HideSolutionNode = FALSE
	EndGlobalSection
	GlobalSection(ExtensibilityGlobals) = postSolution
		SolutionGuid = {38C2E421-3D1C-488E-BFB0-F0B4E514D1AC}
	EndGlobalSection
EndGlobal
